
Microsoft Visual Studio Solution File, Format Version 12.00
# Visual Studio 15
VisualStudioVersion = 15.0.27130.2003
MinimumVisualStudioVersion = 10.0.40219.1
Project("{8BC9CEB8-8B4A-11D0-8D11-00A0C91BC942}") = "rwxConverter", "rwxConverter\rwxConverter.vcxproj", "{E6100DD3-CA21-4BA2-878C-FBDD17368E81}"
	ProjectSection(ProjectDependencies) = postProject
		{E2921FEB-3710-4839-A06D-17F6409B7662} = {E2921FEB-3710-4839-A06D-17F6409B7662}
	EndProjectSection
EndProject
Project("{8BC9CEB8-8B4A-11D0-8D11-00A0C91BC942}") = "rwxAutoTests", "rwxAutoTests\rwxAutoTests.vcxproj", "{C3CA1926-52DA-4E98-A11B-FDE21B7CF5E2}"
	ProjectSection(ProjectDependencies) = postProject
		{E2921FEB-3710-4839-A06D-17F6409B7662} = {E2921FEB-3710-4839-A06D-17F6409B7662}
	EndProjectSection
EndProject
Project("{8BC9CEB8-8B4A-11D0-8D11-00A0C91BC942}") = "rwxLib", "rwxLib\rwxLib.vcxproj", "{E2921FEB-3710-4839-A06D-17F6409B7662}"
EndProject
Global
	GlobalSection(SolutionConfigurationPlatforms) = preSolution
		Debug|x64 = Debug|x64
		Debug|x86 = Debug|x86
		Release|x64 = Release|x64
		Release|x86 = Release|x86
	EndGlobalSection
	GlobalSection(ProjectConfigurationPlatforms) = postSolution
		{E6100DD3-CA21-4BA2-878C-FBDD17368E81}.Debug|x64.ActiveCfg = Debug|x64
		{E6100DD3-CA21-4BA2-878C-FBDD17368E81}.Debug|x64.Build.0 = Debug|x64
		{E6100DD3-CA21-4BA2-878C-FBDD17368E81}.Debug|x86.ActiveCfg = Debug|Win32
		{E6100DD3-CA21-4BA2-878C-FBDD17368E81}.Debug|x86.Build.0 = Debug|Win32
		{E6100DD3-CA21-4BA2-878C-FBDD17368E81}.Release|x64.ActiveCfg = Release|x64
		{E6100DD3-CA21-4BA2-878C-FBDD17368E81}.Release|x64.Build.0 = Release|x64
		{E6100DD3-CA21-4BA2-878C-FBDD17368E81}.Release|x86.ActiveCfg = Release|Win32
		{E6100DD3-CA21-4BA2-878C-FBDD17368E81}.Release|x86.Build.0 = Release|Win32
		{C3CA1926-52DA-4E98-A11B-FDE21B7CF5E2}.Debug|x64.ActiveCfg = Debug|x64
		{C3CA1926-52DA-4E98-A11B-FDE21B7CF5E2}.Debug|x64.Build.0 = Debug|x64
		{C3CA1926-52DA-4E98-A11B-FDE21B7CF5E2}.Debug|x86.ActiveCfg = Debug|Win32
		{C3CA1926-52DA-4E98-A11B-FDE21B7CF5E2}.Debug|x86.Build.0 = Debug|Win32
		{C3CA1926-52DA-4E98-A11B-FDE21B7CF5E2}.Release|x64.ActiveCfg = Release|x64
		{C3CA1926-52DA-4E98-A11B-FDE21B7CF5E2}.Release|x64.Build.0 = Release|x64
		{C3CA1926-52DA-4E98-A11B-FDE21B7CF5E2}.Release|x86.ActiveCfg = Release|Win32
		{C3CA1926-52DA-4E98-A11B-FDE21B7CF5E2}.Release|x86.Build.0 = Release|Win32
		{E2921FEB-3710-4839-A06D-17F6409B7662}.Debug|x64.ActiveCfg = Debug|x64
		{E2921FEB-3710-4839-A06D-17F6409B7662}.Debug|x64.Build.0 = Debug|x64
		{E2921FEB-3710-4839-A06D-17F6409B7662}.Debug|x86.ActiveCfg = Debug|Win32
		{E2921FEB-3710-4839-A06D-17F6409B7662}.Debug|x86.Build.0 = Debug|Win32
		{E2921FEB-3710-4839-A06D-17F6409B7662}.Release|x64.ActiveCfg = Release|x64
		{E2921FEB-3710-4839-A06D-17F6409B7662}.Release|x64.Build.0 = Release|x64
		{E2921FEB-3710-4839-A06D-17F6409B7662}.Release|x86.ActiveCfg = Release|Win32
		{E2921FEB-3710-4839-A06D-17F6409B7662}.Release|x86.Build.0 = Release|Win32
	EndGlobalSection
	GlobalSection(SolutionProperties) = preSolution
		HideSolutionNode = FALSE
	EndGlobalSection
	GlobalSection(ExtensibilityGlobals) = postSolution
		SolutionGuid = {92E41773-C0BB-4DC8-BE81-A364B643EAC1}
	EndGlobalSection
EndGlobal
